
Microsoft Visual Studio Solution File, Format Version 12.00
# Visual Studio Version 17
VisualStudioVersion = 17.6.33712.159
MinimumVisualStudioVersion = 10.0.40219.1
Project("{FAE04EC0-301F-11D3-BF4B-00C04F79EFBC}") = "RestoranDemo", "RestoranDemo\RestoranDemo.csproj", "{29C720AB-D89E-409C-A14A-FA17B64F9941}"
EndProject
Global
	GlobalSection(SolutionConfigurationPlatforms) = preSolution
		Debug|Any CPU = Debug|Any CPU
		Release|Any CPU = Release|Any CPU
	EndGlobalSection
	GlobalSection(ProjectConfigurationPlatforms) = postSolution
		{29C720AB-D89E-409C-A14A-FA17B64F9941}.Debug|Any CPU.ActiveCfg = Debug|Any CPU
		{29C720AB-D89E-409C-A14A-FA17B64F9941}.Debug|Any CPU.Build.0 = Debug|Any CPU
		{29C720AB-D89E-409C-A14A-FA17B64F9941}.Release|Any CPU.ActiveCfg = Release|Any CPU
		{29C720AB-D89E-409C-A14A-FA17B64F9941}.Release|Any CPU.Build.0 = Release|Any CPU
	EndGlobalSection
	GlobalSection(SolutionProperties) = preSolution
		HideSolutionNode = FALSE
	EndGlobalSection
	GlobalSection(ExtensibilityGlobals) = postSolution
		SolutionGuid = {057175C1-5A6D-440C-834C-95D4C06641E3}
	EndGlobalSection
EndGlobal
